NeoBundleLock Align 787662fe90cd057942bc5b682fd70c87e1a9dd77
NeoBundleLock VisIncr 13e8538cf332fd131ebb60422b4a01d69078794b
NeoBundleLock colorizer 54504c53cb665c17ad89311e15649dc4651cb725
NeoBundleLock csv.vim f0f368bc50138c09f2d215d46aa26a4f3774e24f
NeoBundleLock html5.vim e5f9168812dbb2f32f6180173ea94f957ca5efc8
NeoBundleLock jellybeans.vim c173b85f7a99f3ccc1956040957dc279aa523a8c
NeoBundleLock neobundle.vim 484c7730cace41d46616e840ba6247886a87c9aa
NeoBundleLock neocomplcache ffb43c82494638491406cba154a767efa947a904
NeoBundleLock neomru.vim 24f9185ca019f3b8f4896929c6bf5148f982f344
NeoBundleLock neosnippet 044c9cb8ca46a5e27eec37198990c26fe707b02a
NeoBundleLock operator-camelize.vim 9a970d68d7e3f2134a079329e6f5bcf331cd7262
NeoBundleLock switch.vim aa48b42d9c5d4cd861a5bb4361c9e97bf4f4101b
NeoBundleLock tinymode.vim fa82590ebaca7fbf1be43a25ea221c76399362b9
NeoBundleLock tlib_vim 9649dfbd78410300ca4231cb6bfcc7e822868cad
NeoBundleLock unite-cmus 73f1df8dcd544f8ca2817396ea7c592306ae8fd5
NeoBundleLock unite-colorscheme 3aa33866a183f7659594a3f6b66b2334eaebc6a0
NeoBundleLock unite-outline 432bc03fe82d3699a8987c15162e914354c06685
NeoBundleLock unite-rails e173c8ec28c18744a0b778ef78b600ce8759914f
NeoBundleLock unite.vim 4be92819bcbe69611c2277cd60e21d8e5c694d89
NeoBundleLock vim-addon-mw-utils 0c5612fa31ee434ba055e21c76f456244b3b5109
NeoBundleLock vim-artemis fa4a17df7eee6b9d418276a2cd8fd49d8e52e785
NeoBundleLock vim-coffee-script 089506ed89da1849485fdfcca002a42111759fab
NeoBundleLock vim-fugitive 4cc201cbe3a0c3faa4cde1b82ba941d410e5e81c
NeoBundleLock vim-jade 437ce8608b8cc347ab790d98b09bf4461a2de8f2
NeoBundleLock vim-minimap 45fffc8cda21c8b5df9ca508f4de1d166135142f
NeoBundleLock vim-monokai 3103dcb2470d26a78512aacf2062bdba50e5dc3a
NeoBundleLock vim-operator-user c3dfd41c1ed516b4b901c97562e644de62c367aa
NeoBundleLock vim-powerline 09c0cea859a2e0989eea740655b35976d951a84e
NeoBundleLock vim-processing bd0bfce388508e7cbc12407a156eba7a440dc64d
NeoBundleLock vim-rails 9d6b78ee0478f9019ee7b4af02896f7a9049db06
NeoBundleLock vim-railscasts-theme 9035daff38dbbd30229890f26e54d9a7a71deca3
NeoBundleLock vim-ruby-refactoring 6447a4debc3263a0fa99feeab5548edf27ecf045
NeoBundleLock vim-scala 71ada50fc5e2b3c9fdbdb75835a218d2c245efec
NeoBundleLock vim-slim 0daaa8581f9a9968cebbc7d14ae9acf1625c0389
NeoBundleLock vim-snippets 061f32a08a472e9aef78ce7c5af6f8f50385a065
NeoBundleLock vim-surround 772ab9587b7d1e2c3bae75395c9123803059ba8a
NeoBundleLock vimfiler 6e6bc7c8fcf9713c663bc127f1fbe016f3d689a4
NeoBundleLock vimshell 41d3ad325852e80588ab57c64433fa338789d6ac
