NeoBundleLock Align 787662fe90cd057942bc5b682fd70c87e1a9dd77
NeoBundleLock VisIncr 13e8538cf332fd131ebb60422b4a01d69078794b
NeoBundleLock colorizer 19bd7f0ec1595c7f81c221d1225f666322a5acd7
NeoBundleLock csv.vim 97decc79205a1457bf05a25522629bb5caac3e8e
NeoBundleLock html5.vim e5f9168812dbb2f32f6180173ea94f957ca5efc8
NeoBundleLock jellybeans.vim f931895c20681684278aef2ffd810730b9c36ec3
NeoBundleLock neobundle.vim 484c7730cace41d46616e840ba6247886a87c9aa
NeoBundleLock neocomplete f7d8ac6fd80b699cc36c4f0965469579d968e0ea
NeoBundleLock neomru.vim e72bef33c7f6af3d17c9968f9ac7bb2fda2a2bde
NeoBundleLock neosnippet e2c830db87e50e8cdb1128f3096664f68cb05cad
NeoBundleLock neosnippet-snippets 0dd4b86088c9162492411d4ec40a64fe369c4396
NeoBundleLock omnisharp-vim 3d71afa7f1b5b503f98d1f494352ea3d4b863224
NeoBundleLock operator-camelize.vim 9a970d68d7e3f2134a079329e6f5bcf331cd7262
NeoBundleLock switch.vim 3a76bc3e9ec7156f0bc64e92afee1152c1e0d3da
NeoBundleLock syntastic 25ad02e12d1b6715eb0e46e24163476631266525
NeoBundleLock tinymode.vim fa82590ebaca7fbf1be43a25ea221c76399362b9
NeoBundleLock tlib_vim ecf9e08de8b8ed8cf5e1f69f69471b04b7d55652
NeoBundleLock unite-cmus 73f1df8dcd544f8ca2817396ea7c592306ae8fd5
NeoBundleLock unite-colorscheme 3aa33866a183f7659594a3f6b66b2334eaebc6a0
NeoBundleLock unite-outline f03cfe49dd92af8d416a04707cc30d1529bdf3ac
NeoBundleLock unite-rails e173c8ec28c18744a0b778ef78b600ce8759914f
NeoBundleLock unite.vim 40919616969583bb440f2523e2b6003038e13835
NeoBundleLock vim-actionscript 29410860d7848fc350a33c8e2624916a3a1e9f66
NeoBundleLock vim-addon-mw-utils 0c5612fa31ee434ba055e21c76f456244b3b5109
NeoBundleLock vim-artemis fa4a17df7eee6b9d418276a2cd8fd49d8e52e785
NeoBundleLock vim-coffee-script 32fe889b8cafd3a4921ef8e6485156453ff58c42
NeoBundleLock vim-dispatch 69fea418692f76058d5cd95f0a17ed6b0f5bbb77
NeoBundleLock vim-fugitive 4cc201cbe3a0c3faa4cde1b82ba941d410e5e81c
NeoBundleLock vim-jade 437ce8608b8cc347ab790d98b09bf4461a2de8f2
NeoBundleLock vim-minimap 45fffc8cda21c8b5df9ca508f4de1d166135142f
NeoBundleLock vim-monokai 3103dcb2470d26a78512aacf2062bdba50e5dc3a
NeoBundleLock vim-operator-user c3dfd41c1ed516b4b901c97562e644de62c367aa
NeoBundleLock vim-powerline 09c0cea859a2e0989eea740655b35976d951a84e
NeoBundleLock vim-processing fb8d7f9400c01320deed3094f20ed66290604a5d
NeoBundleLock vim-qfreplace 89e64ae24fb4b8e2402ba6d84971c06606f4adf4
NeoBundleLock vim-quickrun 03681444e98e0ecf347e860d8bb8dc66c1a4bd76
NeoBundleLock vim-rails 9d6b78ee0478f9019ee7b4af02896f7a9049db06
NeoBundleLock vim-railscasts-theme 4927d9135a109d6da7c4892cf2f1b08a0c99ed17
NeoBundleLock vim-ruby-heredoc-syntax 5baa5d104c1ebec6d70cfa98f4a69cbd0d5be9c8
NeoBundleLock vim-ruby-refactoring 6447a4debc3263a0fa99feeab5548edf27ecf045
NeoBundleLock vim-scala 71ada50fc5e2b3c9fdbdb75835a218d2c245efec
NeoBundleLock vim-slim 0daaa8581f9a9968cebbc7d14ae9acf1625c0389
NeoBundleLock vim-snippets 1327c1ba54c8c367995b536b8cb7d8e7cc7c4c03
NeoBundleLock vim-surround 772ab9587b7d1e2c3bae75395c9123803059ba8a
NeoBundleLock vimfiler 22343310f8146f8f4a42789fb3d83ea866ba6221
NeoBundleLock vimproc c286dcbdfca9e0ee1a4cb90f09c3f03638112f5a
NeoBundleLock vimshell 4939e10609c434becf6423b2f3876bb9c2be3464
