NeoBundleLock Align 787662fe90cd057942bc5b682fd70c87e1a9dd77
NeoBundleLock VisIncr 13e8538cf332fd131ebb60422b4a01d69078794b
NeoBundleLock ale defb0ea3369fb2dc0228035a8fffc70ce0cb8717
NeoBundleLock colorizer 72790a003d5a706c287486a1a81e3a6b32158b54
NeoBundleLock csv.vim bddfcbadd788ab11eb3dbba4550a38a412fe3705
NeoBundleLock html5.vim 7c9f6f38ce4f9d35db7eeedb764035b6b63922c6
NeoBundleLock jellybeans.vim ef83bf4dc8b3eacffc97bf5c96ab2581b415c9fa
NeoBundleLock neobundle.vim 484c7730cace41d46616e840ba6247886a87c9aa
NeoBundleLock neocomplete fc2d22c23962290cc0b32f50bf18add6a4573bdf
NeoBundleLock neomru.vim d9b92f73f7d9158e803d72f2baeb7da9ea30040e
NeoBundleLock neosnippet af18dc963b706568bf28f7dd2facea2ca2784299
NeoBundleLock neosnippet-snippets 725c989f18e9c134cddd63a7c6b15bed5c244657
NeoBundleLock omnisharp-vim 7e88f137ad7b74b0beb7034e592bcd07922be5e8
NeoBundleLock operator-camelize.vim 1d029632bc7ba28a8ecf59274d2b958046348611
NeoBundleLock rust.vim 4aa69b84c8a58fcec6b6dad6fe244b916b1cf830
NeoBundleLock switch.vim 900c5d3ee79b1771c5e07bf7290068ea35881756
NeoBundleLock tinymode.vim fa82590ebaca7fbf1be43a25ea221c76399362b9
NeoBundleLock unite-cmus 73f1df8dcd544f8ca2817396ea7c592306ae8fd5
NeoBundleLock unite-colorscheme 505157450fe1a967c6c044d3bfe18d896e3d5d08
NeoBundleLock unite-outline 1c0f9c80b9d76421f697be161819106b91c151f3
NeoBundleLock unite-rails a56b66b902cfafd08fb9d4223cf48471e3bfd184
NeoBundleLock unite.vim b08814362624ded3b462addba4711647879ca308
NeoBundleLock vim-actionscript 3851afeef5cdd447a5367cfffef6af7335fc86b6
NeoBundleLock vim-addon-mw-utils 6aaf4fee472db7cbec6d2c8eea69fdf3a8f8a75d
NeoBundleLock vim-artemis fa4a17df7eee6b9d418276a2cd8fd49d8e52e785
NeoBundleLock vim-coffee-script 28421258a8dde5a50deafbfc19cd9873cacfaa79
NeoBundleLock vim-dispatch 00e77d90452e3c710014b26dc61ea919bc895e92
NeoBundleLock vim-fugitive dd8107cabf5fe85df94d5eedcae52415e543f208
NeoBundleLock vim-jade ea39cd942cf3194230cf72bfb838901a5344d3b3
NeoBundleLock vim-localorie 9d4c7fc72c85c53668cde26b84845b28ad1c9945
NeoBundleLock vim-minimap 5a415547e7584eba0bebe087fd553e13c76e8842
NeoBundleLock vim-monokai 6fb52e32863646e38cdebce57ae0d1688f334a79
NeoBundleLock vim-operator-user c3dfd41c1ed516b4b901c97562e644de62c367aa
NeoBundleLock vim-powerline 09c0cea859a2e0989eea740655b35976d951a84e
NeoBundleLock vim-processing ccba46b540919b6cb774368837f4f80aa49fb8a3
NeoBundleLock vim-qfreplace db1c4b0161931c9a63942f4f562a0d0f4271ac14
NeoBundleLock vim-quickrun 50f9ced186cf2651f4356aa3548c2306e181ec3b
NeoBundleLock vim-rails a6d2bac95b446a5c23eff4638eca164b0d77454a
NeoBundleLock vim-railscasts-theme 826e17cc7a7fdc1aef16b9ddfaf271b51fc2e0a8
NeoBundleLock vim-ruby-heredoc-syntax f1fcb71d8ddba3a22e4c0fe25bfef585ed3834c0
NeoBundleLock vim-ruby-refactoring 6447a4debc3263a0fa99feeab5548edf27ecf045
NeoBundleLock vim-scala 7657218f14837395a4e6759f15289bad6febd1b4
NeoBundleLock vim-slim f0758ea1c585d53b9c239177a8b891d8bbbb6fbb
NeoBundleLock vim-snippets faaa499189c4ee3fe13860e675e2370d55e3e5dd
NeoBundleLock vim-surround bf3480dc9ae7bea34c78fbba4c65b4548b5b1fea
NeoBundleLock vimfiler 0fdf9f2f7e6014a49625433058c1665f72a3b86f
NeoBundleLock vimshell ee683538f57aaf5094db9860f67f4957a763ffb4
